// !$*UTF8*$!
{
	archiveVersion = 1;
	classes = {
	};
	objectVersion = 46;
	objects = {

/* Begin PBXBuildFile section */
		F2390BE913CF358900812997 /* UIKit.framework in Frameworks */ = {isa = PBXBuildFile; fileRef = F2390BE813CF358900812997 /* UIKit.framework */; };
		F2390BEB13CF358900812997 /* Foundation.framework in Frameworks */ = {isa = PBXBuildFile; fileRef = F2390BEA13CF358900812997 /* Foundation.framework */; };
		F2390BED13CF358900812997 /* CoreGraphics.framework in Frameworks */ = {isa = PBXBuildFile; fileRef = F2390BEC13CF358900812997 /* CoreGraphics.framework */; };
		F2390BF313CF358900812997 /* InfoPlist.strings in Resources */ = {isa = PBXBuildFile; fileRef = F2390BF113CF358900812997 /* InfoPlist.strings */; };
		F2390BF613CF358900812997 /* main.m in Sources */ = {isa = PBXBuildFile; fileRef = F2390BF513CF358900812997 /* main.m */; };
		F2390BF913CF358900812997 /* TCMinemAppDelegate.m in Sources */ = {isa = PBXBuildFile; fileRef = F2390BF813CF358900812997 /* TCMinemAppDelegate.m */; };
		F2390BFC13CF358900812997 /* MainWindow.xib in Resources */ = {isa = PBXBuildFile; fileRef = F2390BFA13CF358900812997 /* MainWindow.xib */; };
		F2390BFF13CF358900812997 /* RootViewController.m in Sources */ = {isa = PBXBuildFile; fileRef = F2390BFE13CF358900812997 /* RootViewController.m */; };
		F2390C0213CF358900812997 /* RootViewController.xib in Resources */ = {isa = PBXBuildFile; fileRef = F2390C0013CF358900812997 /* RootViewController.xib */; };
		F2390C1613CF395D00812997 /* TCMXMLWriter.m in Sources */ = {isa = PBXBuildFile; fileRef = F2390C1513CF395D00812997 /* TCMXMLWriter.m */; };
		F2D9016513D0795F00E23494 /* SenTestingKit.framework in Frameworks */ = {isa = PBXBuildFile; fileRef = F2D9016413D0795F00E23494 /* SenTestingKit.framework */; };
		F2D9016613D0795F00E23494 /* UIKit.framework in Frameworks */ = {isa = PBXBuildFile; fileRef = F2390BE813CF358900812997 /* UIKit.framework */; };
		F2D9016713D0795F00E23494 /* Foundation.framework in Frameworks */ = {isa = PBXBuildFile; fileRef = F2390BEA13CF358900812997 /* Foundation.framework */; };
		F2D9016813D0795F00E23494 /* CoreGraphics.framework in Frameworks */ = {isa = PBXBuildFile; fileRef = F2390BEC13CF358900812997 /* CoreGraphics.framework */; };
		F2D9016E13D0795F00E23494 /* InfoPlist.strings in Resources */ = {isa = PBXBuildFile; fileRef = F2D9016C13D0795F00E23494 /* InfoPlist.strings */; };
		F2D9017013D0795F00E23494 /* UnitTests.h in Resources */ = {isa = PBXBuildFile; fileRef = F2D9016F13D0795F00E23494 /* UnitTests.h */; };
		F2D9017713D0798700E23494 /* TCMXMLTests.m in Sources */ = {isa = PBXBuildFile; fileRef = F2D9015C13D077C400E23494 /* TCMXMLTests.m */; };
		F2D9017813D07B2200E23494 /* TCMXMLWriter.m in Sources */ = {isa = PBXBuildFile; fileRef = F2390C1513CF395D00812997 /* TCMXMLWriter.m */; };
/* End PBXBuildFile section */

/* Begin PBXFileReference section */
		F2390BE413CF358900812997 /* TCMinem.app */ = {isa = PBXFileReference; explicitFileType = wrapper.application; includeInIndex = 0; path = TCMinem.app; sourceTree = BUILT_PRODUCTS_DIR; };
		F2390BE813CF358900812997 /* UIKit.framework */ = {isa = PBXFileReference; lastKnownFileType = wrapper.framework; name = UIKit.framework; path = System/Library/Frameworks/UIKit.framework; sourceTree = SDKROOT; };
		F2390BEA13CF358900812997 /* Foundation.framework */ = {isa = PBXFileReference; lastKnownFileType = wrapper.framework; name = Foundation.framework; path = System/Library/Frameworks/Foundation.framework; sourceTree = SDKROOT; };
		F2390BEC13CF358900812997 /* CoreGraphics.framework */ = {isa = PBXFileReference; lastKnownFileType = wrapper.framework; name = CoreGraphics.framework; path = System/Library/Frameworks/CoreGraphics.framework; sourceTree = SDKROOT; };
		F2390BF013CF358900812997 /* TCMinem-Info.plist */ = {isa = PBXFileReference; lastKnownFileType = text.plist.xml; path = "TCMinem-Info.plist"; sourceTree = "<group>"; };
		F2390BF213CF358900812997 /* en */ = {isa = PBXFileReference; lastKnownFileType = text.plist.strings; name = en; path = en.lproj/InfoPlist.strings; sourceTree = "<group>"; };
		F2390BF413CF358900812997 /* TCMinem-Prefix.pch */ = {isa = PBXFileReference; lastKnownFileType = sourcecode.c.h; path = "TCMinem-Prefix.pch"; sourceTree = "<group>"; };
		F2390BF513CF358900812997 /* main.m */ = {isa = PBXFileReference; lastKnownFileType = sourcecode.c.objc; path = main.m; sourceTree = "<group>"; };
		F2390BF713CF358900812997 /* TCMinemAppDelegate.h */ = {isa = PBXFileReference; lastKnownFileType = sourcecode.c.h; path = TCMinemAppDelegate.h; sourceTree = "<group>"; };
		F2390BF813CF358900812997 /* TCMinemAppDelegate.m */ = {isa = PBXFileReference; lastKnownFileType = sourcecode.c.objc; path = TCMinemAppDelegate.m; sourceTree = "<group>"; };
		F2390BFB13CF358900812997 /* en */ = {isa = PBXFileReference; lastKnownFileType = file.xib; name = en; path = en.lproj/MainWindow.xib; sourceTree = "<group>"; };
		F2390BFD13CF358900812997 /* RootViewController.h */ = {isa = PBXFileReference; lastKnownFileType = sourcecode.c.h; path = RootViewController.h; sourceTree = "<group>"; };
		F2390BFE13CF358900812997 /* RootViewController.m */ = {isa = PBXFileReference; lastKnownFileType = sourcecode.c.objc; path = RootViewController.m; sourceTree = "<group>"; };
		F2390C0113CF358900812997 /* en */ = {isa = PBXFileReference; lastKnownFileType = file.xib; name = en; path = en.lproj/RootViewController.xib; sourceTree = "<group>"; };
		F2390C1413CF395D00812997 /* TCMXMLWriter.h */ = {isa = PBXFileReference; fileEncoding = 4; lastKnownFileType = sourcecode.c.h; name = TCMXMLWriter.h; path = TCMXML/TCMXMLWriter.h; sourceTree = SOURCE_ROOT; };
		F2390C1513CF395D00812997 /* TCMXMLWriter.m */ = {isa = PBXFileReference; fileEncoding = 4; lastKnownFileType = sourcecode.c.objc; name = TCMXMLWriter.m; path = TCMXML/TCMXMLWriter.m; sourceTree = SOURCE_ROOT; };
		F2D9015B13D077C400E23494 /* TCMXMLTests.h */ = {isa = PBXFileReference; fileEncoding = 4; lastKnownFileType = sourcecode.c.h; path = TCMXMLTests.h; sourceTree = "<group>"; };
		F2D9015C13D077C400E23494 /* TCMXMLTests.m */ = {isa = PBXFileReference; fileEncoding = 4; lastKnownFileType = sourcecode.c.objc; path = TCMXMLTests.m; sourceTree = "<group>"; };
		F2D9016313D0795F00E23494 /* UnitTests.octest */ = {isa = PBXFileReference; explicitFileType = wrapper.cfbundle; includeInIndex = 0; path = UnitTests.octest; sourceTree = BUILT_PRODUCTS_DIR; };
		F2D9016413D0795F00E23494 /* SenTestingKit.framework */ = {isa = PBXFileReference; lastKnownFileType = wrapper.framework; name = SenTestingKit.framework; path = Library/Frameworks/SenTestingKit.framework; sourceTree = DEVELOPER_DIR; };
		F2D9016B13D0795F00E23494 /* UnitTests-Info.plist */ = {isa = PBXFileReference; lastKnownFileType = text.plist.xml; path = "UnitTests-Info.plist"; sourceTree = "<group>"; };
		F2D9016D13D0795F00E23494 /* en */ = {isa = PBXFileReference; lastKnownFileType = text.plist.strings; name = en; path = en.lproj/InfoPlist.strings; sourceTree = "<group>"; };
		F2D9016F13D0795F00E23494 /* UnitTests.h */ = {isa = PBXFileReference; lastKnownFileType = sourcecode.c.h; path = UnitTests.h; sourceTree = "<group>"; };
		F2D9017113D0795F00E23494 /* UnitTests.m */ = {isa = PBXFileReference; lastKnownFileType = sourcecode.c.objc; path = UnitTests.m; sourceTree = "<group>"; };
		F2D9017313D0795F00E23494 /* UnitTests-Prefix.pch */ = {isa = PBXFileReference; lastKnownFileType = sourcecode.c.h; path = "UnitTests-Prefix.pch"; sourceTree = "<group>"; };
/* End PBXFileReference section */

/* Begin PBXFrameworksBuildPhase section */
		F2390BE113CF358900812997 /* Frameworks */ = {
			isa = PBXFrameworksBuildPhase;
			buildActionMask = 2147483647;
			files = (
				F2390BE913CF358900812997 /* UIKit.framework in Frameworks */,
				F2390BEB13CF358900812997 /* Foundation.framework in Frameworks */,
				F2390BED13CF358900812997 /* CoreGraphics.framework in Frameworks */,
			);
			runOnlyForDeploymentPostprocessing = 0;
		};
		F2D9015F13D0795F00E23494 /* Frameworks */ = {
			isa = PBXFrameworksBuildPhase;
			buildActionMask = 2147483647;
			files = (
				F2D9016513D0795F00E23494 /* SenTestingKit.framework in Frameworks */,
				F2D9016613D0795F00E23494 /* UIKit.framework in Frameworks */,
				F2D9016713D0795F00E23494 /* Foundation.framework in Frameworks */,
				F2D9016813D0795F00E23494 /* CoreGraphics.framework in Frameworks */,
			);
			runOnlyForDeploymentPostprocessing = 0;
		};
/* End PBXFrameworksBuildPhase section */

/* Begin PBXGroup section */
		F2390BD913CF358900812997 = {
			isa = PBXGroup;
			children = (
				F2390BEE13CF358900812997 /* TCMinem */,
				F2D9016913D0795F00E23494 /* UnitTests */,
				F2390BE713CF358900812997 /* Frameworks */,
				F2390BE513CF358900812997 /* Products */,
			);
			sourceTree = "<group>";
		};
		F2390BE513CF358900812997 /* Products */ = {
			isa = PBXGroup;
			children = (
				F2390BE413CF358900812997 /* TCMinem.app */,
				F2D9016313D0795F00E23494 /* UnitTests.octest */,
			);
			name = Products;
			sourceTree = "<group>";
		};
		F2390BE713CF358900812997 /* Frameworks */ = {
			isa = PBXGroup;
			children = (
				F2390BE813CF358900812997 /* UIKit.framework */,
				F2390BEA13CF358900812997 /* Foundation.framework */,
				F2390BEC13CF358900812997 /* CoreGraphics.framework */,
				F2D9016413D0795F00E23494 /* SenTestingKit.framework */,
			);
			name = Frameworks;
			sourceTree = "<group>";
		};
		F2390BEE13CF358900812997 /* TCMinem */ = {
			isa = PBXGroup;
			children = (
				F2390BF713CF358900812997 /* TCMinemAppDelegate.h */,
				F2390BF813CF358900812997 /* TCMinemAppDelegate.m */,
				F2390BFA13CF358900812997 /* MainWindow.xib */,
				F2390BFD13CF358900812997 /* RootViewController.h */,
				F2390BFE13CF358900812997 /* RootViewController.m */,
				F2390C0013CF358900812997 /* RootViewController.xib */,
				F2390BEF13CF358900812997 /* Supporting Files */,
				F2390C1813CF396E00812997 /* TCMXML */,
			);
			path = TCMinem;
			sourceTree = "<group>";
		};
		F2390BEF13CF358900812997 /* Supporting Files */ = {
			isa = PBXGroup;
			children = (
				F2390BF013CF358900812997 /* TCMinem-Info.plist */,
				F2390BF113CF358900812997 /* InfoPlist.strings */,
				F2390BF413CF358900812997 /* TCMinem-Prefix.pch */,
				F2390BF513CF358900812997 /* main.m */,
			);
			name = "Supporting Files";
			sourceTree = "<group>";
		};
		F2390C1813CF396E00812997 /* TCMXML */ = {
			isa = PBXGroup;
			children = (
				F2D9015913D0778700E23494 /* Tests */,
				F2390C1413CF395D00812997 /* TCMXMLWriter.h */,
				F2390C1513CF395D00812997 /* TCMXMLWriter.m */,
			);
			path = TCMXML;
			sourceTree = SOURCE_ROOT;
		};
		F2D9015913D0778700E23494 /* Tests */ = {
			isa = PBXGroup;
			children = (
				F2D9015B13D077C400E23494 /* TCMXMLTests.h */,
				F2D9015C13D077C400E23494 /* TCMXMLTests.m */,
			);
			name = Tests;
			sourceTree = "<group>";
		};
		F2D9016913D0795F00E23494 /* UnitTests */ = {
			isa = PBXGroup;
			children = (
				F2D9016F13D0795F00E23494 /* UnitTests.h */,
				F2D9017113D0795F00E23494 /* UnitTests.m */,
				F2D9016A13D0795F00E23494 /* Supporting Files */,
			);
			path = UnitTests;
			sourceTree = "<group>";
		};
		F2D9016A13D0795F00E23494 /* Supporting Files */ = {
			isa = PBXGroup;
			children = (
				F2D9016B13D0795F00E23494 /* UnitTests-Info.plist */,
				F2D9016C13D0795F00E23494 /* InfoPlist.strings */,
				F2D9017313D0795F00E23494 /* UnitTests-Prefix.pch */,
			);
			name = "Supporting Files";
			sourceTree = "<group>";
		};
/* End PBXGroup section */

/* Begin PBXNativeTarget section */
		F2390BE313CF358900812997 /* TCMinem */ = {
			isa = PBXNativeTarget;
			buildConfigurationList = F2390C0513CF358900812997 /* Build configuration list for PBXNativeTarget "TCMinem" */;
			buildPhases = (
				F2390BE013CF358900812997 /* Sources */,
				F2390BE113CF358900812997 /* Frameworks */,
				F2390BE213CF358900812997 /* Resources */,
			);
			buildRules = (
			);
			dependencies = (
			);
			name = TCMinem;
			productName = TCMinem;
			productReference = F2390BE413CF358900812997 /* TCMinem.app */;
			productType = "com.apple.product-type.application";
		};
		F2D9016213D0795F00E23494 /* UnitTests */ = {
			isa = PBXNativeTarget;
			buildConfigurationList = F2D9017413D0795F00E23494 /* Build configuration list for PBXNativeTarget "UnitTests" */;
			buildPhases = (
				F2D9015E13D0795F00E23494 /* Sources */,
				F2D9015F13D0795F00E23494 /* Frameworks */,
				F2D9016013D0795F00E23494 /* Resources */,
				F2D9016113D0795F00E23494 /* ShellScript */,
			);
			buildRules = (
			);
			dependencies = (
			);
			name = UnitTests;
			productName = UnitTests;
			productReference = F2D9016313D0795F00E23494 /* UnitTests.octest */;
			productType = "com.apple.product-type.bundle";
		};
/* End PBXNativeTarget section */

/* Begin PBXProject section */
		F2390BDB13CF358900812997 /* Project object */ = {
			isa = PBXProject;
			attributes = {
				ORGANIZATIONNAME = TheCodingMonkeys;
			};
			buildConfigurationList = F2390BDE13CF358900812997 /* Build configuration list for PBXProject "TCMinem" */;
			compatibilityVersion = "Xcode 3.2";
			developmentRegion = English;
			hasScannedForEncodings = 0;
			knownRegions = (
				en,
			);
			mainGroup = F2390BD913CF358900812997;
			productRefGroup = F2390BE513CF358900812997 /* Products */;
			projectDirPath = "";
			projectRoot = "";
			targets = (
				F2390BE313CF358900812997 /* TCMinem */,
				F2D9016213D0795F00E23494 /* UnitTests */,
			);
		};
/* End PBXProject section */

/* Begin PBXResourcesBuildPhase section */
		F2390BE213CF358900812997 /* Resources */ = {
			isa = PBXResourcesBuildPhase;
			buildActionMask = 2147483647;
			files = (
				F2390BF313CF358900812997 /* InfoPlist.strings in Resources */,
				F2390BFC13CF358900812997 /* MainWindow.xib in Resources */,
				F2390C0213CF358900812997 /* RootViewController.xib in Resources */,
			);
			runOnlyForDeploymentPostprocessing = 0;
		};
		F2D9016013D0795F00E23494 /* Resources */ = {
			isa = PBXResourcesBuildPhase;
			buildActionMask = 2147483647;
			files = (
				F2D9016E13D0795F00E23494 /* InfoPlist.strings in Resources */,
				F2D9017013D0795F00E23494 /* UnitTests.h in Resources */,
			);
			runOnlyForDeploymentPostprocessing = 0;
		};
/* End PBXResourcesBuildPhase section */

/* Begin PBXShellScriptBuildPhase section */
		F2D9016113D0795F00E23494 /* ShellScript */ = {
			isa = PBXShellScriptBuildPhase;
			buildActionMask = 2147483647;
			files = (
			);
			inputPaths = (
			);
			outputPaths = (
			);
			runOnlyForDeploymentPostprocessing = 0;
			shellPath = /bin/sh;
			shellScript = "# Run the unit tests in this test bundle.\n\"${SYSTEM_DEVELOPER_DIR}/Tools/RunUnitTests\"\n";
		};
/* End PBXShellScriptBuildPhase section */

/* Begin PBXSourcesBuildPhase section */
		F2390BE013CF358900812997 /* Sources */ = {
			isa = PBXSourcesBuildPhase;
			buildActionMask = 2147483647;
			files = (
				F2390BF613CF358900812997 /* main.m in Sources */,
				F2390BF913CF358900812997 /* TCMinemAppDelegate.m in Sources */,
				F2390BFF13CF358900812997 /* RootViewController.m in Sources */,
				F2390C1613CF395D00812997 /* TCMXMLWriter.m in Sources */,
			);
			runOnlyForDeploymentPostprocessing = 0;
		};
		F2D9015E13D0795F00E23494 /* Sources */ = {
			isa = PBXSourcesBuildPhase;
			buildActionMask = 2147483647;
			files = (
				F2D9017713D0798700E23494 /* TCMXMLTests.m in Sources */,
				F2D9017813D07B2200E23494 /* TCMXMLWriter.m in Sources */,
			);
			runOnlyForDeploymentPostprocessing = 0;
		};
/* End PBXSourcesBuildPhase section */

/* Begin PBXVariantGroup section */
		F2390BF113CF358900812997 /* InfoPlist.strings */ = {
			isa = PBXVariantGroup;
			children = (
				F2390BF213CF358900812997 /* en */,
			);
			name = InfoPlist.strings;
			sourceTree = "<group>";
		};
		F2390BFA13CF358900812997 /* MainWindow.xib */ = {
			isa = PBXVariantGroup;
			children = (
				F2390BFB13CF358900812997 /* en */,
			);
			name = MainWindow.xib;
			sourceTree = "<group>";
		};
		F2390C0013CF358900812997 /* RootViewController.xib */ = {
			isa = PBXVariantGroup;
			children = (
				F2390C0113CF358900812997 /* en */,
			);
			name = RootViewController.xib;
			sourceTree = "<group>";
		};
		F2D9016C13D0795F00E23494 /* InfoPlist.strings */ = {
			isa = PBXVariantGroup;
			children = (
				F2D9016D13D0795F00E23494 /* en */,
			);
			name = InfoPlist.strings;
			sourceTree = "<group>";
		};
/* End PBXVariantGroup section */

/* Begin XCBuildConfiguration section */
		F2390C0313CF358900812997 /* Debug */ = {
			isa = XCBuildConfiguration;
			buildSettings = {
				ARCHS = "$(ARCHS_STANDARD_32_BIT)";
				"CODE_SIGN_IDENTITY[sdk=iphoneos*]" = "iPhone Developer";
				GCC_C_LANGUAGE_STANDARD = gnu99;
				GCC_OPTIMIZATION_LEVEL = 0;
				GCC_PREPROCESSOR_DEFINITIONS = DEBUG;
				GCC_SYMBOLS_PRIVATE_EXTERN = NO;
				GCC_VERSION = com.apple.compilers.llvmgcc42;
				GCC_WARN_ABOUT_RETURN_TYPE = YES;
				GCC_WARN_UNUSED_VARIABLE = YES;
				IPHONEOS_DEPLOYMENT_TARGET = 4.3;
				SDKROOT = iphoneos;
			};
			name = Debug;
		};
		F2390C0413CF358900812997 /* Release */ = {
			isa = XCBuildConfiguration;
			buildSettings = {
				ARCHS = "$(ARCHS_STANDARD_32_BIT)";
				"CODE_SIGN_IDENTITY[sdk=iphoneos*]" = "iPhone Developer";
				GCC_C_LANGUAGE_STANDARD = gnu99;
				GCC_VERSION = com.apple.compilers.llvmgcc42;
				GCC_WARN_ABOUT_RETURN_TYPE = YES;
				GCC_WARN_UNUSED_VARIABLE = YES;
				IPHONEOS_DEPLOYMENT_TARGET = 4.3;
				OTHER_CFLAGS = "-DNS_BLOCK_ASSERTIONS=1";
				SDKROOT = iphoneos;
			};
			name = Release;
		};
		F2390C0613CF358900812997 /* Debug */ = {
			isa = XCBuildConfiguration;
			buildSettings = {
				ALWAYS_SEARCH_USER_PATHS = NO;
				COPY_PHASE_STRIP = NO;
				GCC_DYNAMIC_NO_PIC = NO;
				GCC_PRECOMPILE_PREFIX_HEADER = YES;
				GCC_PREFIX_HEADER = "TCMinem/TCMinem-Prefix.pch";
				INFOPLIST_FILE = "TCMinem/TCMinem-Info.plist";
				PRODUCT_NAME = "$(TARGET_NAME)";
				WRAPPER_EXTENSION = app;
			};
			name = Debug;
		};
		F2390C0713CF358900812997 /* Release */ = {
			isa = XCBuildConfiguration;
			buildSettings = {
				ALWAYS_SEARCH_USER_PATHS = NO;
				COPY_PHASE_STRIP = YES;
				GCC_PRECOMPILE_PREFIX_HEADER = YES;
				GCC_PREFIX_HEADER = "TCMinem/TCMinem-Prefix.pch";
				INFOPLIST_FILE = "TCMinem/TCMinem-Info.plist";
				PRODUCT_NAME = "$(TARGET_NAME)";
				VALIDATE_PRODUCT = YES;
				WRAPPER_EXTENSION = app;
			};
			name = Release;
		};
		F2D9017513D0795F00E23494 /* Debug */ = {
			isa = XCBuildConfiguration;
			buildSettings = {
				ALWAYS_SEARCH_USER_PATHS = NO;
				CLANG_ENABLE_OBJC_ARC = NO;
				COPY_PHASE_STRIP = NO;
				FRAMEWORK_SEARCH_PATHS = (
					"$(SDKROOT)/Developer/Library/Frameworks",
					"$(DEVELOPER_LIBRARY_DIR)/Frameworks",
				);
				GCC_DYNAMIC_NO_PIC = NO;
				GCC_PRECOMPILE_PREFIX_HEADER = YES;
				GCC_PREFIX_HEADER = "UnitTests/UnitTests-Prefix.pch";
				GCC_PREPROCESSOR_DEFINITIONS = (
					"DEBUG=1",
					"$(inherited)",
				);
				GCC_VERSION = com.apple.compilers.llvm.clang.1_0;
				GCC_WARN_ABOUT_MISSING_PROTOTYPES = YES;
				INFOPLIST_FILE = "UnitTests/UnitTests-Info.plist";
				IPHONEOS_DEPLOYMENT_TARGET = 5.0;
				PRODUCT_NAME = "$(TARGET_NAME)";
				WRAPPER_EXTENSION = octest;
			};
			name = Debug;
		};
		F2D9017613D0795F00E23494 /* Release */ = {
			isa = XCBuildConfiguration;
			buildSettings = {
				ALWAYS_SEARCH_USER_PATHS = NO;
				CLANG_ENABLE_OBJC_ARC = NO;
				COPY_PHASE_STRIP = YES;
				FRAMEWORK_SEARCH_PATHS = (
					"$(SDKROOT)/Developer/Library/Frameworks",
					"$(DEVELOPER_LIBRARY_DIR)/Frameworks",
				);
				GCC_PRECOMPILE_PREFIX_HEADER = YES;
				GCC_PREFIX_HEADER = "UnitTests/UnitTests-Prefix.pch";
				GCC_VERSION = com.apple.compilers.llvm.clang.1_0;
				GCC_WARN_ABOUT_MISSING_PROTOTYPES = YES;
				INFOPLIST_FILE = "UnitTests/UnitTests-Info.plist";
				IPHONEOS_DEPLOYMENT_TARGET = 5.0;
				PRODUCT_NAME = "$(TARGET_NAME)";
				VALIDATE_PRODUCT = YES;
				WRAPPER_EXTENSION = octest;
			};
			name = Release;
		};
/* End XCBuildConfiguration section */

/* Begin XCConfigurationList section */
		F2390BDE13CF358900812997 /* Build configuration list for PBXProject "TCMinem" */ = {
			isa = XCConfigurationList;
			buildConfigurations = (
				F2390C0313CF358900812997 /* Debug */,
				F2390C0413CF358900812997 /* Release */,
			);
			defaultConfigurationIsVisible = 0;
			defaultConfigurationName = Release;
		};
		F2390C0513CF358900812997 /* Build configuration list for PBXNativeTarget "TCMinem" */ = {
			isa = XCConfigurationList;
			buildConfigurations = (
				F2390C0613CF358900812997 /* Debug */,
				F2390C0713CF358900812997 /* Release */,
			);
			defaultConfigurationIsVisible = 0;
			defaultConfigurationName = Release;
		};
		F2D9017413D0795F00E23494 /* Build configuration list for PBXNativeTarget "UnitTests" */ = {
			isa = XCConfigurationList;
			buildConfigurations = (
				F2D9017513D0795F00E23494 /* Debug */,
				F2D9017613D0795F00E23494 /* Release */,
			);
			defaultConfigurationIsVisible = 0;
		};
/* End XCConfigurationList section */
	};
	rootObject = F2390BDB13CF358900812997 /* Project object */;
}
